{
  "name": "verifier-key-rcv",
  "version": "0.0.21",
  "lockfileVersion": 3,
  "requires": true,
  "packages": {
    "": {
      "name": "verifier-key-rcv",
      "version": "0.0.21",
      "license": "MIT",
      "dependencies": {
        "@cloudflare/pages-plugin-honeycomb": "^1.0.2"
      }
    },
    "node_modules/@cloudflare/pages-plugin-honeycomb": {
      "version": "1.0.2",
      "resolved": "https://registry.npmjs.org/@cloudflare/pages-plugin-honeycomb/-/pages-plugin-honeycomb-1.0.2.tgz",
      "integrity": "sha512-PwDMkFxDTjj4+l3Csxp+IEXjfb59KnmAPdmDSMMDV8oZSrCnVKCHWSALWluBWpVZYcEsgCsQCCGocSErAyr1bw==",
      "dependencies": {
        "@cloudflare/workers-honeycomb-logger": "^2.3.3"
      }
    },
    "node_modules/@cloudflare/workers-honeycomb-logger": {
      "version": "2.3.3",
      "resolved": "https://registry.npmjs.org/@cloudflare/workers-honeycomb-logger/-/workers-honeycomb-logger-2.3.3.tgz",
      "integrity": "sha512-2HqQWZnBDSf41UWKz6zSMQlTuLb+P9LaqQXQEowMJIfzie3aEKk/bZLTfLzCRLOq9cn4Rhgawm8pha4rJpvS4Q==",
      "dependencies": {
        "@cloudflare/workers-types": "^3.2.0",
        "@types/uuid": "^8.3.0",
        "dotenv": "^9.0.2",
        "uuid": "^8.3.2"
      }
    },
    "node_modules/@cloudflare/workers-types": {
      "version": "3.19.0",
      "resolved": "https://registry.npmjs.org/@cloudflare/workers-types/-/workers-types-3.19.0.tgz",
      "integrity": "sha512-0FRcsz7Ea3jT+gc5gKPIYciykm1bbAaTpygdzpCwGt0RL+V83zWnYN30NWDW4rIHj/FHtz+MIuBKS61C8l7AzQ=="
    },
    "node_modules/@types/uuid": {
      "version": "8.3.4",
      "resolved": "https://registry.npmjs.org/@types/uuid/-/uuid-8.3.4.tgz",
      "integrity": "sha512-c/I8ZRb51j+pYGAu5CrFMRxqZ2ke4y2grEBO5AUjgSkSk+qT2Ea+OdWElz/OiMf5MNpn2b17kuVBwZLQJXzihw=="
    },
    "node_modules/dotenv": {
      "version": "9.0.2",
      "resolved": "https://registry.npmjs.org/dotenv/-/dotenv-9.0.2.tgz",
      "integrity": "sha512-I9OvvrHp4pIARv4+x9iuewrWycX6CcZtoAu1XrzPxc5UygMJXJZYmBsynku8IkrJwgypE5DGNjDPmPRhDCptUg==",
      "engines": {
        "node": ">=10"
      }
    },
    "node_modules/uuid": {
      "version": "8.3.2",
      "resolved": "https://registry.npmjs.org/uuid/-/uuid-8.3.2.tgz",
      "integrity": "sha512-+NYs2QeMWy+GWFOEm9xnn6HCDp0l7QBD7ml8zLUmJ+93Q5NF0NocErnwkTkXVFNiX3/fpC6afS8Dhb/gz7R7eg==",
      "bin": {
        "uuid": "dist/bin/uuid"
      }
    }
  }
}
